github.com/baking-code/godash v0.1.1 h1:M2HVFzce4yGMRfjaG0whAjUEed7dkfQCQ2v0EA0eU6k=
github.com/baking-code/godash v0.1.1/go.mod h1:8DCmApPfFjm4JYStFqY53mIh79xeMzHgogJ4Ilv/dUI=
golang.org/x/exp v0.0.0-20231127185646-65229373498e h1:Gvh4YaCaXNs6dKTlfgismwWZKyjVZXwOPfIyUaqU3No=
golang.org/x/exp v0.0.0-20231127185646-65229373498e/go.mod h1:iRJReGqOEeBhDZGkGbynYwcHlctCvnjTYIamk7uXpHI=
